
Microsoft Visual Studio Solution File, Format Version 12.00
# Visual Studio Version 17
VisualStudioVersion = 17.0.31903.59
MinimumVisualStudioVersion = 10.0.40219.1
Project("{2150E333-8FDC-42A3-9474-1A3956D46DE8}") = "src", "src", "{AC69AD0B-2CDB-4128-A38E-8834B6E6DAE7}"
EndProject
Project("{FAE04EC0-301F-11D3-BF4B-00C04F79EFBC}") = "LimitIO.Core", "src\LimitIO.Core\LimitIO.Core.csproj", "{E500F17E-66F1-4A62-B401-1EC3F1542B3C}"
EndProject
Project("{FAE04EC0-301F-11D3-BF4B-00C04F79EFBC}") = "LimitIO.Service", "src\LimitIO.Service\LimitIO.Service.csproj", "{12A18AFD-B193-4488-A749-1CBD840ECF07}"
EndProject
Project("{2150E333-8FDC-42A3-9474-1A3956D46DE8}") = "tests", "tests", "{0503CA32-AC46-41D3-AFA3-17767FAF1ED0}"
EndProject
Project("{FAE04EC0-301F-11D3-BF4B-00C04F79EFBC}") = "LimitIO.Core.Tests", "tests\LimitIO.Core.Tests\LimitIO.Core.Tests.csproj", "{5F6FA9B1-81B0-41D2-8BB1-9DDBE6F95343}"
EndProject
Project("{FAE04EC0-301F-11D3-BF4B-00C04F79EFBC}") = "LimitIO.Installer.Helper", "src\LimitIO.Installer.Helper\LimitIO.Installer.Helper.csproj", "{5F7889A8-7823-4B5A-A0EA-BF8EE4B9EEDA}"
EndProject
Project("{FAE04EC0-301F-11D3-BF4B-00C04F79EFBC}") = "LimitIO.Service.Tests", "tests\LimitIO.Service.Tests\LimitIO.Service.Tests.csproj", "{68DE35E6-C269-4D60-A615-6E66408E49B2}"
EndProject
Project("{FAE04EC0-301F-11D3-BF4B-00C04F79EFBC}") = "LimitIO.UI", "src\LimitIO.UI\LimitIO.UI.csproj", "{77D69838-52C9-4FA5-B018-0A1928FBF13A}"
EndProject
Global
	GlobalSection(SolutionConfigurationPlatforms) = preSolution
		Debug|Any CPU = Debug|Any CPU
		Release|Any CPU = Release|Any CPU
	EndGlobalSection
	GlobalSection(SolutionProperties) = preSolution
		HideSolutionNode = FALSE
	EndGlobalSection
	GlobalSection(ProjectConfigurationPlatforms) = postSolution
		{E500F17E-66F1-4A62-B401-1EC3F1542B3C}.Debug|Any CPU.ActiveCfg = Debug|Any CPU
		{E500F17E-66F1-4A62-B401-1EC3F1542B3C}.Debug|Any CPU.Build.0 = Debug|Any CPU
		{E500F17E-66F1-4A62-B401-1EC3F1542B3C}.Release|Any CPU.ActiveCfg = Release|Any CPU
		{E500F17E-66F1-4A62-B401-1EC3F1542B3C}.Release|Any CPU.Build.0 = Release|Any CPU
		{12A18AFD-B193-4488-A749-1CBD840ECF07}.Debug|Any CPU.ActiveCfg = Debug|Any CPU
		{12A18AFD-B193-4488-A749-1CBD840ECF07}.Debug|Any CPU.Build.0 = Debug|Any CPU
		{12A18AFD-B193-4488-A749-1CBD840ECF07}.Release|Any CPU.ActiveCfg = Release|Any CPU
		{12A18AFD-B193-4488-A749-1CBD840ECF07}.Release|Any CPU.Build.0 = Release|Any CPU
		{5F6FA9B1-81B0-41D2-8BB1-9DDBE6F95343}.Debug|Any CPU.ActiveCfg = Debug|Any CPU
		{5F6FA9B1-81B0-41D2-8BB1-9DDBE6F95343}.Debug|Any CPU.Build.0 = Debug|Any CPU
		{5F6FA9B1-81B0-41D2-8BB1-9DDBE6F95343}.Release|Any CPU.ActiveCfg = Release|Any CPU
		{5F6FA9B1-81B0-41D2-8BB1-9DDBE6F95343}.Release|Any CPU.Build.0 = Release|Any CPU
		{5F7889A8-7823-4B5A-A0EA-BF8EE4B9EEDA}.Debug|Any CPU.ActiveCfg = Debug|Any CPU
		{5F7889A8-7823-4B5A-A0EA-BF8EE4B9EEDA}.Debug|Any CPU.Build.0 = Debug|Any CPU
		{5F7889A8-7823-4B5A-A0EA-BF8EE4B9EEDA}.Release|Any CPU.ActiveCfg = Release|Any CPU
		{5F7889A8-7823-4B5A-A0EA-BF8EE4B9EEDA}.Release|Any CPU.Build.0 = Release|Any CPU
		{68DE35E6-C269-4D60-A615-6E66408E49B2}.Debug|Any CPU.ActiveCfg = Debug|Any CPU
		{68DE35E6-C269-4D60-A615-6E66408E49B2}.Debug|Any CPU.Build.0 = Debug|Any CPU
		{68DE35E6-C269-4D60-A615-6E66408E49B2}.Release|Any CPU.ActiveCfg = Release|Any CPU
		{68DE35E6-C269-4D60-A615-6E66408E49B2}.Release|Any CPU.Build.0 = Release|Any CPU
		{77D69838-52C9-4FA5-B018-0A1928FBF13A}.Debug|Any CPU.ActiveCfg = Debug|Any CPU
		{77D69838-52C9-4FA5-B018-0A1928FBF13A}.Debug|Any CPU.Build.0 = Debug|Any CPU
		{77D69838-52C9-4FA5-B018-0A1928FBF13A}.Release|Any CPU.ActiveCfg = Release|Any CPU
		{77D69838-52C9-4FA5-B018-0A1928FBF13A}.Release|Any CPU.Build.0 = Release|Any CPU
	EndGlobalSection
	GlobalSection(NestedProjects) = preSolution
		{E500F17E-66F1-4A62-B401-1EC3F1542B3C} = {AC69AD0B-2CDB-4128-A38E-8834B6E6DAE7}
		{12A18AFD-B193-4488-A749-1CBD840ECF07} = {AC69AD0B-2CDB-4128-A38E-8834B6E6DAE7}
		{5F6FA9B1-81B0-41D2-8BB1-9DDBE6F95343} = {0503CA32-AC46-41D3-AFA3-17767FAF1ED0}
		{5F7889A8-7823-4B5A-A0EA-BF8EE4B9EEDA} = {AC69AD0B-2CDB-4128-A38E-8834B6E6DAE7}
		{68DE35E6-C269-4D60-A615-6E66408E49B2} = {0503CA32-AC46-41D3-AFA3-17767FAF1ED0}
		{77D69838-52C9-4FA5-B018-0A1928FBF13A} = {AC69AD0B-2CDB-4128-A38E-8834B6E6DAE7}
	EndGlobalSection
EndGlobal
